// !$*UTF8*$!
{
	archiveVersion = 1;
	classes = {
	};
	objectVersion = 46;
	objects = {

/* Begin PBXBuildFile section */
		1DCAD405C23F1B8D790ED2E2 /* Pods_weatherApp.framework in Frameworks */ = {isa = PBXBuildFile; fileRef = A3F4CB7A0810C6C5225F43EB /* Pods_weatherApp.framework */; };
		540AF0141F3D8EC100E748F9 /* ViewController.swift in Sources */ = {isa = PBXBuildFile; fileRef = 540AF0131F3D8EC100E748F9 /* ViewController.swift */; };
		543030121EACF328006FF5CC /* WeatherCell.swift in Sources */ = {isa = PBXBuildFile; fileRef = 543030111EACF328006FF5CC /* WeatherCell.swift */; };
		5468D6771F3DD6CD00326EF2 /* ReactViewController.swift in Sources */ = {isa = PBXBuildFile; fileRef = 5468D6761F3DD6CD00326EF2 /* ReactViewController.swift */; };
		5487B0521E87B12400A31E0A /* Constants.swift in Sources */ = {isa = PBXBuildFile; fileRef = 5487B0511E87B12400A31E0A /* Constants.swift */; };
		5487B0541E87B37A00A31E0A /* CurrentWeather.swift in Sources */ = {isa = PBXBuildFile; fileRef = 5487B0531E87B37A00A31E0A /* CurrentWeather.swift */; };
		54C691051E86ADAA00F30DDD /* AppDelegate.swift in Sources */ = {isa = PBXBuildFile; fileRef = 54C691041E86ADAA00F30DDD /* AppDelegate.swift */; };
		54C691071E86ADAA00F30DDD /* WeatherVC.swift in Sources */ = {isa = PBXBuildFile; fileRef = 54C691061E86ADAA00F30DDD /* WeatherVC.swift */; };
		54C6910A1E86ADAA00F30DDD /* Main.storyboard in Resources */ = {isa = PBXBuildFile; fileRef = 54C691081E86ADAA00F30DDD /* Main.storyboard */; };
		54C6910C1E86ADAA00F30DDD /* Assets.xcassets in Resources */ = {isa = PBXBuildFile; fileRef = 54C6910B1E86ADAA00F30DDD /* Assets.xcassets */; };
		54C6910F1E86ADAA00F30DDD /* LaunchScreen.storyboard in Resources */ = {isa = PBXBuildFile; fileRef = 54C6910D1E86ADAA00F30DDD /* LaunchScreen.storyboard */; };
		54F362F21EACE58C00646F83 /* Forecast.swift in Sources */ = {isa = PBXBuildFile; fileRef = 54F362F11EACE58C00646F83 /* Forecast.swift */; };
/* End PBXBuildFile section */

/* Begin PBXFileReference section */
		0ED32FC7E4FEDEA0F9D557AD /* Pods-weatherApp.debug.xcconfig */ = {isa = PBXFileReference; includeInIndex = 1; lastKnownFileType = text.xcconfig; name = "Pods-weatherApp.debug.xcconfig"; path = "Pods/Target Support Files/Pods-weatherApp/Pods-weatherApp.debug.xcconfig"; sourceTree = "<group>"; };
		540AF0131F3D8EC100E748F9 /* ViewController.swift */ = {isa = PBXFileReference; fileEncoding = 4; lastKnownFileType = sourcecode.swift; path = ViewController.swift; sourceTree = "<group>"; };
		543030111EACF328006FF5CC /* WeatherCell.swift */ = {isa = PBXFileReference; fileEncoding = 4; lastKnownFileType = sourcecode.swift; name = WeatherCell.swift; path = ../WeatherCell.swift; sourceTree = "<group>"; };
		5468D6761F3DD6CD00326EF2 /* ReactViewController.swift */ = {isa = PBXFileReference; fileEncoding = 4; lastKnownFileType = sourcecode.swift; path = ReactViewController.swift; sourceTree = "<group>"; };
		5487B0511E87B12400A31E0A /* Constants.swift */ = {isa = PBXFileReference; fileEncoding = 4; lastKnownFileType = sourcecode.swift; path = Constants.swift; sourceTree = "<group>"; };
		5487B0531E87B37A00A31E0A /* CurrentWeather.swift */ = {isa = PBXFileReference; fileEncoding = 4; lastKnownFileType = sourcecode.swift; path = CurrentWeather.swift; sourceTree = "<group>"; };
		54C691011E86ADAA00F30DDD /* weatherApp.app */ = {isa = PBXFileReference; explicitFileType = wrapper.application; includeInIndex = 0; path = weatherApp.app; sourceTree = BUILT_PRODUCTS_DIR; };
		54C691041E86ADAA00F30DDD /* AppDelegate.swift */ = {isa = PBXFileReference; lastKnownFileType = sourcecode.swift; path = AppDelegate.swift; sourceTree = "<group>"; };
		54C691061E86ADAA00F30DDD /* WeatherVC.swift */ = {isa = PBXFileReference; lastKnownFileType = sourcecode.swift; path = WeatherVC.swift; sourceTree = "<group>"; };
		54C691091E86ADAA00F30DDD /* Base */ = {isa = PBXFileReference; lastKnownFileType = file.storyboard; name = Base; path = Base.lproj/Main.storyboard; sourceTree = "<group>"; };
		54C6910B1E86ADAA00F30DDD /* Assets.xcassets */ = {isa = PBXFileReference; lastKnownFileType = folder.assetcatalog; path = Assets.xcassets; sourceTree = "<group>"; };
		54C6910E1E86ADAA00F30DDD /* Base */ = {isa = PBXFileReference; lastKnownFileType = file.storyboard; name = Base; path = Base.lproj/LaunchScreen.storyboard; sourceTree = "<group>"; };
		54C691101E86ADAA00F30DDD /* Info.plist */ = {isa = PBXFileReference; lastKnownFileType = text.plist.xml; path = Info.plist; sourceTree = "<group>"; };
		54F362F11EACE58C00646F83 /* Forecast.swift */ = {isa = PBXFileReference; fileEncoding = 4; lastKnownFileType = sourcecode.swift; path = Forecast.swift; sourceTree = "<group>"; };
		A3F4CB7A0810C6C5225F43EB /* Pods_weatherApp.framework */ = {isa = PBXFileReference; explicitFileType = wrapper.framework; includeInIndex = 0; path = Pods_weatherApp.framework; sourceTree = BUILT_PRODUCTS_DIR; };
		FED056481735DB9EAF67A10C /* Pods-weatherApp.release.xcconfig */ = {isa = PBXFileReference; includeInIndex = 1; lastKnownFileType = text.xcconfig; name = "Pods-weatherApp.release.xcconfig"; path = "Pods/Target Support Files/Pods-weatherApp/Pods-weatherApp.release.xcconfig"; sourceTree = "<group>"; };
/* End PBXFileReference section */

/* Begin PBXFrameworksBuildPhase section */
		54C690FE1E86ADAA00F30DDD /* Frameworks */ = {
			isa = PBXFrameworksBuildPhase;
			buildActionMask = 2147483647;
			files = (
				1DCAD405C23F1B8D790ED2E2 /* Pods_weatherApp.framework in Frameworks */,
			);
			runOnlyForDeploymentPostprocessing = 0;
		};
/* End PBXFrameworksBuildPhase section */

/* Begin PBXGroup section */
		2A3D80E7A08B1AC8B97B4715 /* Pods */ = {
			isa = PBXGroup;
			children = (
				0ED32FC7E4FEDEA0F9D557AD /* Pods-weatherApp.debug.xcconfig */,
				FED056481735DB9EAF67A10C /* Pods-weatherApp.release.xcconfig */,
			);
			name = Pods;
			sourceTree = "<group>";
		};
		3775E8611FE9EC87577463FD /* Frameworks */ = {
			isa = PBXGroup;
			children = (
				A3F4CB7A0810C6C5225F43EB /* Pods_weatherApp.framework */,
			);
			name = Frameworks;
			sourceTree = "<group>";
		};
		54C690F81E86ADA900F30DDD = {
			isa = PBXGroup;
			children = (
				54C691031E86ADAA00F30DDD /* weatherApp */,
				54C691021E86ADAA00F30DDD /* Products */,
				2A3D80E7A08B1AC8B97B4715 /* Pods */,
				3775E8611FE9EC87577463FD /* Frameworks */,
			);
			sourceTree = "<group>";
		};
		54C691021E86ADAA00F30DDD /* Products */ = {
			isa = PBXGroup;
			children = (
				54C691011E86ADAA00F30DDD /* weatherApp.app */,
			);
			name = Products;
			sourceTree = "<group>";
		};
		54C691031E86ADAA00F30DDD /* weatherApp */ = {
			isa = PBXGroup;
			children = (
				54C691041E86ADAA00F30DDD /* AppDelegate.swift */,
				54C691061E86ADAA00F30DDD /* WeatherVC.swift */,
				54C691081E86ADAA00F30DDD /* Main.storyboard */,
				54F362F11EACE58C00646F83 /* Forecast.swift */,
				540AF0131F3D8EC100E748F9 /* ViewController.swift */,
				54C6910B1E86ADAA00F30DDD /* Assets.xcassets */,
				54C6910D1E86ADAA00F30DDD /* LaunchScreen.storyboard */,
				54C691101E86ADAA00F30DDD /* Info.plist */,
				5487B0511E87B12400A31E0A /* Constants.swift */,
				5487B0531E87B37A00A31E0A /* CurrentWeather.swift */,
				543030111EACF328006FF5CC /* WeatherCell.swift */,
				5468D6761F3DD6CD00326EF2 /* ReactViewController.swift */,
			);
			path = weatherApp;
			sourceTree = "<group>";
		};
/* End PBXGroup section */

/* Begin PBXNativeTarget section */
		54C691001E86ADAA00F30DDD /* weatherApp */ = {
			isa = PBXNativeTarget;
			buildConfigurationList = 54C691131E86ADAA00F30DDD /* Build configuration list for PBXNativeTarget "weatherApp" */;
			buildPhases = (
				6C4B6B8B7F85A6CABF8681E8 /* [CP] Check Pods Manifest.lock */,
				54C690FD1E86ADAA00F30DDD /* Sources */,
				54C690FE1E86ADAA00F30DDD /* Frameworks */,
				54C690FF1E86ADAA00F30DDD /* Resources */,
				70B18B67F8E17ECA385134FF /* [CP] Embed Pods Frameworks */,
				4A88617CBAC0513F3EF1F133 /* [CP] Copy Pods Resources */,
			);
			buildRules = (
			);
			dependencies = (
			);
			name = weatherApp;
			productName = weatherApp;
			productReference = 54C691011E86ADAA00F30DDD /* weatherApp.app */;
			productType = "com.apple.product-type.application";
		};
/* End PBXNativeTarget section */

/* Begin PBXProject section */
		54C690F91E86ADA900F30DDD /* Project object */ = {
			isa = PBXProject;
			attributes = {
				LastSwiftUpdateCheck = 0820;
				LastUpgradeCheck = 0820;
				ORGANIZATIONNAME = "B-Soft";
				TargetAttributes = {
					54C691001E86ADAA00F30DDD = {
						CreatedOnToolsVersion = 8.2.1;
						ProvisioningStyle = Automatic;
					};
				};
			};
			buildConfigurationList = 54C690FC1E86ADA900F30DDD /* Build configuration list for PBXProject "weatherApp" */;
			compatibilityVersion = "Xcode 3.2";
			developmentRegion = English;
			hasScannedForEncodings = 0;
			knownRegions = (
				en,
				Base,
			);
			mainGroup = 54C690F81E86ADA900F30DDD;
			productRefGroup = 54C691021E86ADAA00F30DDD /* Products */;
			projectDirPath = "";
			projectRoot = "";
			targets = (
				54C691001E86ADAA00F30DDD /* weatherApp */,
			);
		};
/* End PBXProject section */

/* Begin PBXResourcesBuildPhase section */
		54C690FF1E86ADAA00F30DDD /* Resources */ = {
			isa = PBXResourcesBuildPhase;
			buildActionMask = 2147483647;
			files = (
				54C6910F1E86ADAA00F30DDD /* LaunchScreen.storyboard in Resources */,
				54C6910C1E86ADAA00F30DDD /* Assets.xcassets in Resources */,
				54C6910A1E86ADAA00F30DDD /* Main.storyboard in Resources */,
			);
			runOnlyForDeploymentPostprocessing = 0;
		};
/* End PBXResourcesBuildPhase section */

/* Begin PBXShellScriptBuildPhase section */
		4A88617CBAC0513F3EF1F133 /* [CP] Copy Pods Resources */ = {
			isa = PBXShellScriptBuildPhase;
			buildActionMask = 2147483647;
			files = (
			);
			inputPaths = (
			);
			name = "[CP] Copy Pods Resources";
			outputPaths = (
			);
			runOnlyForDeploymentPostprocessing = 0;
			shellPath = /bin/sh;
			shellScript = "\"${SRCROOT}/Pods/Target Support Files/Pods-weatherApp/Pods-weatherApp-resources.sh\"\n";
			showEnvVarsInLog = 0;
		};
		6C4B6B8B7F85A6CABF8681E8 /* [CP] Check Pods Manifest.lock */ = {
			isa = PBXShellScriptBuildPhase;
			buildActionMask = 2147483647;
			files = (
			);
			inputPaths = (
			);
			name = "[CP] Check Pods Manifest.lock";
			outputPaths = (
			);
			runOnlyForDeploymentPostprocessing = 0;
			shellPath = /bin/sh;
			shellScript = "diff \"${PODS_ROOT}/../Podfile.lock\" \"${PODS_ROOT}/Manifest.lock\" > /dev/null\nif [ $? != 0 ] ; then\n    # print error to STDERR\n    echo \"error: The sandbox is not in sync with the Podfile.lock. Run 'pod install' or update your CocoaPods installation.\" >&2\n    exit 1\nfi\n";
			showEnvVarsInLog = 0;
		};
		70B18B67F8E17ECA385134FF /* [CP] Embed Pods Frameworks */ = {
			isa = PBXShellScriptBuildPhase;
			buildActionMask = 2147483647;
			files = (
			);
			inputPaths = (
			);
			name = "[CP] Embed Pods Frameworks";
			outputPaths = (
			);
			runOnlyForDeploymentPostprocessing = 0;
			shellPath = /bin/sh;
			shellScript = "\"${SRCROOT}/Pods/Target Support Files/Pods-weatherApp/Pods-weatherApp-frameworks.sh\"\n";
			showEnvVarsInLog = 0;
		};
/* End PBXShellScriptBuildPhase section */

/* Begin PBXSourcesBuildPhase section */
		54C690FD1E86ADAA00F30DDD /* Sources */ = {
			isa = PBXSourcesBuildPhase;
			buildActionMask = 2147483647;
			files = (
				54C691071E86ADAA00F30DDD /* WeatherVC.swift in Sources */,
				54C691051E86ADAA00F30DDD /* AppDelegate.swift in Sources */,
				5468D6771F3DD6CD00326EF2 /* ReactViewController.swift in Sources */,
				543030121EACF328006FF5CC /* WeatherCell.swift in Sources */,
				5487B0541E87B37A00A31E0A /* CurrentWeather.swift in Sources */,
				540AF0141F3D8EC100E748F9 /* ViewController.swift in Sources */,
				5487B0521E87B12400A31E0A /* Constants.swift in Sources */,
				54F362F21EACE58C00646F83 /* Forecast.swift in Sources */,
			);
			runOnlyForDeploymentPostprocessing = 0;
		};
/* End PBXSourcesBuildPhase section */

/* Begin PBXVariantGroup section */
		54C691081E86ADAA00F30DDD /* Main.storyboard */ = {
			isa = PBXVariantGroup;
			children = (
				54C691091E86ADAA00F30DDD /* Base */,
			);
			name = Main.storyboard;
			sourceTree = "<group>";
		};
		54C6910D1E86ADAA00F30DDD /* LaunchScreen.storyboard */ = {
			isa = PBXVariantGroup;
			children = (
				54C6910E1E86ADAA00F30DDD /* Base */,
			);
			name = LaunchScreen.storyboard;
			sourceTree = "<group>";
		};
/* End PBXVariantGroup section */

/* Begin XCBuildConfiguration section */
		54C691111E86ADAA00F30DDD /* Debug */ = {
			isa = XCBuildConfiguration;
			buildSettings = {
				ALWAYS_SEARCH_USER_PATHS = NO;
				CLANG_ANALYZER_NONNULL = YES;
				CLANG_CXX_LANGUAGE_STANDARD = "gnu++0x";
				CLANG_CXX_LIBRARY = "libc++";
				CLANG_ENABLE_MODULES = YES;
				CLANG_ENABLE_OBJC_ARC = YES;
				CLANG_WARN_BOOL_CONVERSION = YES;
				CLANG_WARN_CONSTANT_CONVERSION = YES;
				CLANG_WARN_DIRECT_OBJC_ISA_USAGE = YES_ERROR;
				CLANG_WARN_DOCUMENTATION_COMMENTS = YES;
				CLANG_WARN_EMPTY_BODY = YES;
				CLANG_WARN_ENUM_CONVERSION = YES;
				CLANG_WARN_INFINITE_RECURSION = YES;
				CLANG_WARN_INT_CONVERSION = YES;
				CLANG_WARN_OBJC_ROOT_CLASS = YES_ERROR;
				CLANG_WARN_SUSPICIOUS_MOVE = YES;
				CLANG_WARN_UNREACHABLE_CODE = YES;
				CLANG_WARN__DUPLICATE_METHOD_MATCH = YES;
				"CODE_SIGN_IDENTITY[sdk=iphoneos*]" = "iPhone Developer";
				COPY_PHASE_STRIP = NO;
				DEBUG_INFORMATION_FORMAT = dwarf;
				ENABLE_STRICT_OBJC_MSGSEND = YES;
				ENABLE_TESTABILITY = YES;
				GCC_C_LANGUAGE_STANDARD = gnu99;
				GCC_DYNAMIC_NO_PIC = NO;
				GCC_NO_COMMON_BLOCKS = YES;
				GCC_OPTIMIZATION_LEVEL = 0;
				GCC_PREPROCESSOR_DEFINITIONS = (
					"DEBUG=1",
					"$(inherited)",
				);
				GCC_WARN_64_TO_32_BIT_CONVERSION = YES;
				GCC_WARN_ABOUT_RETURN_TYPE = YES_ERROR;
				GCC_WARN_UNDECLARED_SELECTOR = YES;
				GCC_WARN_UNINITIALIZED_AUTOS = YES_AGGRESSIVE;
				GCC_WARN_UNUSED_FUNCTION = YES;
				GCC_WARN_UNUSED_VARIABLE = YES;
				IPHONEOS_DEPLOYMENT_TARGET = 10.2;
				MTL_ENABLE_DEBUG_INFO = YES;
				ONLY_ACTIVE_ARCH = YES;
				SDKROOT = iphoneos;
				SWIFT_ACTIVE_COMPILATION_CONDITIONS = DEBUG;
				SWIFT_OPTIMIZATION_LEVEL = "-Onone";
			};
			name = Debug;
		};
		54C691121E86ADAA00F30DDD /* Release */ = {
			isa = XCBuildConfiguration;
			buildSettings = {
				ALWAYS_SEARCH_USER_PATHS = NO;
				CLANG_ANALYZER_NONNULL = YES;
				CLANG_CXX_LANGUAGE_STANDARD = "gnu++0x";
				CLANG_CXX_LIBRARY = "libc++";
				CLANG_ENABLE_MODULES = YES;
				CLANG_ENABLE_OBJC_ARC = YES;
				CLANG_WARN_BOOL_CONVERSION = YES;
				CLANG_WARN_CONSTANT_CONVERSION = YES;
				CLANG_WARN_DIRECT_OBJC_ISA_USAGE = YES_ERROR;
				CLANG_WARN_DOCUMENTATION_COMMENTS = YES;
				CLANG_WARN_EMPTY_BODY = YES;
				CLANG_WARN_ENUM_CONVERSION = YES;
				CLANG_WARN_INFINITE_RECURSION = YES;
				CLANG_WARN_INT_CONVERSION = YES;
				CLANG_WARN_OBJC_ROOT_CLASS = YES_ERROR;
				CLANG_WARN_SUSPICIOUS_MOVE = YES;
				CLANG_WARN_UNREACHABLE_CODE = YES;
				CLANG_WARN__DUPLICATE_METHOD_MATCH = YES;
				"CODE_SIGN_IDENTITY[sdk=iphoneos*]" = "iPhone Developer";
				COPY_PHASE_STRIP = NO;
				DEBUG_INFORMATION_FORMAT = "dwarf-with-dsym";
				ENABLE_NS_ASSERTIONS = NO;
				ENABLE_STRICT_OBJC_MSGSEND = YES;
				GCC_C_LANGUAGE_STANDARD = gnu99;
				GCC_NO_COMMON_BLOCKS = YES;
				GCC_WARN_64_TO_32_BIT_CONVERSION = YES;
				GCC_WARN_ABOUT_RETURN_TYPE = YES_ERROR;
				GCC_WARN_UNDECLARED_SELECTOR = YES;
				GCC_WARN_UNINITIALIZED_AUTOS = YES_AGGRESSIVE;
				GCC_WARN_UNUSED_FUNCTION = YES;
				GCC_WARN_UNUSED_VARIABLE = YES;
				IPHONEOS_DEPLOYMENT_TARGET = 10.2;
				MTL_ENABLE_DEBUG_INFO = NO;
				SDKROOT = iphoneos;
				SWIFT_OPTIMIZATION_LEVEL = "-Owholemodule";
				VALIDATE_PRODUCT = YES;
			};
			name = Release;
		};
		54C691141E86ADAA00F30DDD /* Debug */ = {
			isa = XCBuildConfiguration;
			baseConfigurationReference = 0ED32FC7E4FEDEA0F9D557AD /* Pods-weatherApp.debug.xcconfig */;
			buildSettings = {
				ASSETCATALOG_COMPILER_APPICON_NAME = AppIcon;
				INFOPLIST_FILE = weatherApp/Info.plist;
				LD_RUNPATH_SEARCH_PATHS = "$(inherited) @executable_path/Frameworks";
				PRODUCT_BUNDLE_IDENTIFIER = biz.bondan.weatherApp;
				PRODUCT_NAME = "$(TARGET_NAME)";
				SWIFT_VERSION = 3.0;
			};
			name = Debug;
		};
		54C691151E86ADAA00F30DDD /* Release */ = {
			isa = XCBuildConfiguration;
			baseConfigurationReference = FED056481735DB9EAF67A10C /* Pods-weatherApp.release.xcconfig */;
			buildSettings = {
				ASSETCATALOG_COMPILER_APPICON_NAME = AppIcon;
				INFOPLIST_FILE = weatherApp/Info.plist;
				LD_RUNPATH_SEARCH_PATHS = "$(inherited) @executable_path/Frameworks";
				PRODUCT_BUNDLE_IDENTIFIER = biz.bondan.weatherApp;
				PRODUCT_NAME = "$(TARGET_NAME)";
				SWIFT_VERSION = 3.0;
			};
			name = Release;
		};
/* End XCBuildConfiguration section */

/* Begin XCConfigurationList section */
		54C690FC1E86ADA900F30DDD /* Build configuration list for PBXProject "weatherApp" */ = {
			isa = XCConfigurationList;
			buildConfigurations = (
				54C691111E86ADAA00F30DDD /* Debug */,
				54C691121E86ADAA00F30DDD /* Release */,
			);
			defaultConfigurationIsVisible = 0;
			defaultConfigurationName = Release;
		};
		54C691131E86ADAA00F30DDD /* Build configuration list for PBXNativeTarget "weatherApp" */ = {
			isa = XCConfigurationList;
			buildConfigurations = (
				54C691141E86ADAA00F30DDD /* Debug */,
				54C691151E86ADAA00F30DDD /* Release */,
			);
			defaultConfigurationIsVisible = 0;
			defaultConfigurationName = Release;
		};
/* End XCConfigurationList section */
	};
	rootObject = 54C690F91E86ADA900F30DDD /* Project object */;
}
